Microsoft Visual Studio Solution File, Format Version 12.00
# Visual Studio Version 17
VisualStudioVersion = 17.5.2.0
MinimumVisualStudioVersion = 10.0.40219.1
Project("{FAE04EC0-301F-11D3-BF4B-00C04F79EFBC}") = "CramAuthApi", "CramAuthApi\CramAuthApi.csproj", "{9D4686FE-2B7C-8782-5739-AC101AF11821}"
EndProject
Global
	GlobalSection(SolutionConfigurationPlatforms) = preSolution
		Debug|Any CPU = Debug|Any CPU
		Release|Any CPU = Release|Any CPU
	EndGlobalSection
	GlobalSection(ProjectConfigurationPlatforms) = postSolution
		{9D4686FE-2B7C-8782-5739-AC101AF11821}.Debug|Any CPU.ActiveCfg = Debug|Any CPU
		{9D4686FE-2B7C-8782-5739-AC101AF11821}.Debug|Any CPU.Build.0 = Debug|Any CPU
		{9D4686FE-2B7C-8782-5739-AC101AF11821}.Release|Any CPU.ActiveCfg = Release|Any CPU
		{9D4686FE-2B7C-8782-5739-AC101AF11821}.Release|Any CPU.Build.0 = Release|Any CPU
	EndGlobalSection
	GlobalSection(SolutionProperties) = preSolution
		HideSolutionNode = FALSE
	EndGlobalSection
	GlobalSection(ExtensibilityGlobals) = postSolution
		SolutionGuid = {51EE03A5-B62B-4A19-AAA8-8697833A4C04}
	EndGlobalSection
EndGlobal
